
Microsoft Visual Studio Solution File, Format Version 12.00
# Visual Studio 2012
Project("{FAE04EC0-301F-11D3-BF4B-00C04F79EFBC}") = "GlowingFuck", "GlowingFuck\GlowingFuck.csproj", "{1942EF4B-EF34-4F40-BD25-C0005A589AFA}"
EndProject
Global
	GlobalSection(SolutionConfigurationPlatforms) = preSolution
		Debug|Any CPU = Debug|Any CPU
		Release|Any CPU = Release|Any CPU
	EndGlobalSection
	GlobalSection(ProjectConfigurationPlatforms) = postSolution
		{1942EF4B-EF34-4F40-BD25-C0005A589AFA}.Debug|Any CPU.ActiveCfg = Debug|Any CPU
		{1942EF4B-EF34-4F40-BD25-C0005A589AFA}.Debug|Any CPU.Build.0 = Debug|Any CPU
		{1942EF4B-EF34-4F40-BD25-C0005A589AFA}.Release|Any CPU.ActiveCfg = Release|Any CPU
		{1942EF4B-EF34-4F40-BD25-C0005A589AFA}.Release|Any CPU.Build.0 = Release|Any CPU
	EndGlobalSection
	GlobalSection(SolutionProperties) = preSolution
		HideSolutionNode = FALSE
	EndGlobalSection
EndGlobal
